
Microsoft Visual Studio Solution File, Format Version 11.00
# Visual Studio 2010
Project("{FAE04EC0-301F-11D3-BF4B-00C04F79EFBC}") = "XsltWebApp", "XsltWebApp\XsltWebApp.csproj", "{1EEAEBA1-3B28-4D97-95C1-D19166F997C9}"
EndProject
Global
	GlobalSection(SolutionConfigurationPlatforms) = preSolution
		Debug|Any CPU = Debug|Any CPU
		Release|Any CPU = Release|Any CPU
	EndGlobalSection
	GlobalSection(ProjectConfigurationPlatforms) = postSolution
		{1EEAEBA1-3B28-4D97-95C1-D19166F997C9}.Debug|Any CPU.ActiveCfg = Debug|Any CPU
		{1EEAEBA1-3B28-4D97-95C1-D19166F997C9}.Debug|Any CPU.Build.0 = Debug|Any CPU
		{1EEAEBA1-3B28-4D97-95C1-D19166F997C9}.Release|Any CPU.ActiveCfg = Release|Any CPU
		{1EEAEBA1-3B28-4D97-95C1-D19166F997C9}.Release|Any CPU.Build.0 = Release|Any CPU
	EndGlobalSection
	GlobalSection(SolutionProperties) = preSolution
		HideSolutionNode = FALSE
	EndGlobalSection
EndGlobal
